// !$*UTF8*$!
{
	archiveVersion = 1;
	classes = {
	};
	objectVersion = 56;
	objects = {

/* Begin PBXBuildFile section */
		43A7A1E82B8EF4B900C57DC8 /* AppDelegate.swift in Sources */ = {isa = PBXBuildFile; fileRef = 43A7A1E72B8EF4B900C57DC8 /* AppDelegate.swift */; };
		43A7A1EA2B8EF4B900C57DC8 /* SceneDelegate.swift in Sources */ = {isa = PBXBuildFile; fileRef = 43A7A1E92B8EF4B900C57DC8 /* SceneDelegate.swift */; };
		43A7A1EC2B8EF4B900C57DC8 /* ViewController.swift in Sources */ = {isa = PBXBuildFile; fileRef = 43A7A1EB2B8EF4B900C57DC8 /* ViewController.swift */; };
		43A7A1EF2B8EF4B900C57DC8 /* Main.storyboard in Resources */ = {isa = PBXBuildFile; fileRef = 43A7A1ED2B8EF4B900C57DC8 /* Main.storyboard */; };
		43A7A1F12B8EF4C200C57DC8 /* Assets.xcassets in Resources */ = {isa = PBXBuildFile; fileRef = 43A7A1F02B8EF4C200C57DC8 /* Assets.xcassets */; };
		43A7A1F42B8EF4C200C57DC8 /* LaunchScreen.storyboard in Resources */ = {isa = PBXBuildFile; fileRef = 43A7A1F22B8EF4C200C57DC8 /* LaunchScreen.storyboard */; };
		43A7A1FD2B8F0E0500C57DC8 /* TableViewController.swift in Sources */ = {isa = PBXBuildFile; fileRef = 43A7A1FC2B8F0E0500C57DC8 /* TableViewController.swift */; };
		43A7A2002B8F131400C57DC8 /* Contact.swift in Sources */ = {isa = PBXBuildFile; fileRef = 43A7A1FF2B8F131400C57DC8 /* Contact.swift */; };
		43A7A2022B8F174C00C57DC8 /* TableSwapViewController.swift in Sources */ = {isa = PBXBuildFile; fileRef = 43A7A2012B8F174C00C57DC8 /* TableSwapViewController.swift */; };
/* End PBXBuildFile section */

/* Begin PBXFileReference section */
		43A7A1E42B8EF4B900C57DC8 /* Contacts.app */ = {isa = PBXFileReference; explicitFileType = wrapper.application; includeInIndex = 0; path = Contacts.app; sourceTree = BUILT_PRODUCTS_DIR; };
		43A7A1E72B8EF4B900C57DC8 /* AppDelegate.swift */ = {isa = PBXFileReference; lastKnownFileType = sourcecode.swift; path = AppDelegate.swift; sourceTree = "<group>"; };
		43A7A1E92B8EF4B900C57DC8 /* SceneDelegate.swift */ = {isa = PBXFileReference; lastKnownFileType = sourcecode.swift; path = SceneDelegate.swift; sourceTree = "<group>"; };
		43A7A1EB2B8EF4B900C57DC8 /* ViewController.swift */ = {isa = PBXFileReference; lastKnownFileType = sourcecode.swift; path = ViewController.swift; sourceTree = "<group>"; };
		43A7A1EE2B8EF4B900C57DC8 /* Base */ = {isa = PBXFileReference; lastKnownFileType = file.storyboard; name = Base; path = Base.lproj/Main.storyboard; sourceTree = "<group>"; };
		43A7A1F02B8EF4C200C57DC8 /* Assets.xcassets */ = {isa = PBXFileReference; lastKnownFileType = folder.assetcatalog; path = Assets.xcassets; sourceTree = "<group>"; };
		43A7A1F32B8EF4C200C57DC8 /* Base */ = {isa = PBXFileReference; lastKnownFileType = file.storyboard; name = Base; path = Base.lproj/LaunchScreen.storyboard; sourceTree = "<group>"; };
		43A7A1F52B8EF4C200C57DC8 /* Info.plist */ = {isa = PBXFileReference; lastKnownFileType = text.plist.xml; path = Info.plist; sourceTree = "<group>"; };
		43A7A1FC2B8F0E0500C57DC8 /* TableViewController.swift */ = {isa = PBXFileReference; lastKnownFileType = sourcecode.swift; path = TableViewController.swift; sourceTree = "<group>"; };
		43A7A1FF2B8F131400C57DC8 /* Contact.swift */ = {isa = PBXFileReference; lastKnownFileType = sourcecode.swift; path = Contact.swift; sourceTree = "<group>"; };
		43A7A2012B8F174C00C57DC8 /* TableSwapViewController.swift */ = {isa = PBXFileReference; lastKnownFileType = sourcecode.swift; path = TableSwapViewController.swift; sourceTree = "<group>"; };
/* End PBXFileReference section */

/* Begin PBXFrameworksBuildPhase section */
		43A7A1E12B8EF4B900C57DC8 /* Frameworks */ = {
			isa = PBXFrameworksBuildPhase;
			buildActionMask = 2147483647;
			files = (
			);
			runOnlyForDeploymentPostprocessing = 0;
		};
/* End PBXFrameworksBuildPhase section */

/* Begin PBXGroup section */
		43A7A1DB2B8EF4B900C57DC8 = {
			isa = PBXGroup;
			children = (
				43A7A1E62B8EF4B900C57DC8 /* Contacts */,
				43A7A1E52B8EF4B900C57DC8 /* Products */,
			);
			sourceTree = "<group>";
		};
		43A7A1E52B8EF4B900C57DC8 /* Products */ = {
			isa = PBXGroup;
			children = (
				43A7A1E42B8EF4B900C57DC8 /* Contacts.app */,
			);
			name = Products;
			sourceTree = "<group>";
		};
		43A7A1E62B8EF4B900C57DC8 /* Contacts */ = {
			isa = PBXGroup;
			children = (
				43A7A1FE2B8F130400C57DC8 /* Model */,
				43A7A1FB2B8F0DC900C57DC8 /* View */,
				43A7A1E72B8EF4B900C57DC8 /* AppDelegate.swift */,
				43A7A1E92B8EF4B900C57DC8 /* SceneDelegate.swift */,
				43A7A1EB2B8EF4B900C57DC8 /* ViewController.swift */,
				43A7A1ED2B8EF4B900C57DC8 /* Main.storyboard */,
				43A7A1F02B8EF4C200C57DC8 /* Assets.xcassets */,
				43A7A1F22B8EF4C200C57DC8 /* LaunchScreen.storyboard */,
				43A7A1F52B8EF4C200C57DC8 /* Info.plist */,
			);
			path = Contacts;
			sourceTree = "<group>";
		};
		43A7A1FB2B8F0DC900C57DC8 /* View */ = {
			isa = PBXGroup;
			children = (
				43A7A1FC2B8F0E0500C57DC8 /* TableViewController.swift */,
				43A7A2012B8F174C00C57DC8 /* TableSwapViewController.swift */,
			);
			path = View;
			sourceTree = "<group>";
		};
		43A7A1FE2B8F130400C57DC8 /* Model */ = {
			isa = PBXGroup;
			children = (
				43A7A1FF2B8F131400C57DC8 /* Contact.swift */,
			);
			path = Model;
			sourceTree = "<group>";
		};
/* End PBXGroup section */

/* Begin PBXNativeTarget section */
		43A7A1E32B8EF4B900C57DC8 /* Contacts */ = {
			isa = PBXNativeTarget;
			buildConfigurationList = 43A7A1F82B8EF4C200C57DC8 /* Build configuration list for PBXNativeTarget "Contacts" */;
			buildPhases = (
				43A7A1E02B8EF4B900C57DC8 /* Sources */,
				43A7A1E12B8EF4B900C57DC8 /* Frameworks */,
				43A7A1E22B8EF4B900C57DC8 /* Resources */,
			);
			buildRules = (
			);
			dependencies = (
			);
			name = Contacts;
			productName = Contacts;
			productReference = 43A7A1E42B8EF4B900C57DC8 /* Contacts.app */;
			productType = "com.apple.product-type.application";
		};
/* End PBXNativeTarget section */

/* Begin PBXProject section */
		43A7A1DC2B8EF4B900C57DC8 /* Project object */ = {
			isa = PBXProject;
			attributes = {
				BuildIndependentTargetsInParallel = 1;
				LastSwiftUpdateCheck = 1520;
				LastUpgradeCheck = 1520;
				TargetAttributes = {
					43A7A1E32B8EF4B900C57DC8 = {
						CreatedOnToolsVersion = 15.2;
					};
				};
			};
			buildConfigurationList = 43A7A1DF2B8EF4B900C57DC8 /* Build configuration list for PBXProject "Contacts" */;
			compatibilityVersion = "Xcode 14.0";
			developmentRegion = en;
			hasScannedForEncodings = 0;
			knownRegions = (
				en,
				Base,
			);
			mainGroup = 43A7A1DB2B8EF4B900C57DC8;
			productRefGroup = 43A7A1E52B8EF4B900C57DC8 /* Products */;
			projectDirPath = "";
			projectRoot = "";
			targets = (
				43A7A1E32B8EF4B900C57DC8 /* Contacts */,
			);
		};
/* End PBXProject section */

/* Begin PBXResourcesBuildPhase section */
		43A7A1E22B8EF4B900C57DC8 /* Resources */ = {
			isa = PBXResourcesBuildPhase;
			buildActionMask = 2147483647;
			files = (
				43A7A1F42B8EF4C200C57DC8 /* LaunchScreen.storyboard in Resources */,
				43A7A1F12B8EF4C200C57DC8 /* Assets.xcassets in Resources */,
				43A7A1EF2B8EF4B900C57DC8 /* Main.storyboard in Resources */,
			);
			runOnlyForDeploymentPostprocessing = 0;
		};
/* End PBXResourcesBuildPhase section */

/* Begin PBXSourcesBuildPhase section */
		43A7A1E02B8EF4B900C57DC8 /* Sources */ = {
			isa = PBXSourcesBuildPhase;
			buildActionMask = 2147483647;
			files = (
				43A7A2022B8F174C00C57DC8 /* TableSwapViewController.swift in Sources */,
				43A7A1EC2B8EF4B900C57DC8 /* ViewController.swift in Sources */,
				43A7A1E82B8EF4B900C57DC8 /* AppDelegate.swift in Sources */,
				43A7A1EA2B8EF4B900C57DC8 /* SceneDelegate.swift in Sources */,
				43A7A2002B8F131400C57DC8 /* Contact.swift in Sources */,
				43A7A1FD2B8F0E0500C57DC8 /* TableViewController.swift in Sources */,
			);
			runOnlyForDeploymentPostprocessing = 0;
		};
/* End PBXSourcesBuildPhase section */

/* Begin PBXVariantGroup section */
		43A7A1ED2B8EF4B900C57DC8 /* Main.storyboard */ = {
			isa = PBXVariantGroup;
			children = (
				43A7A1EE2B8EF4B900C57DC8 /* Base */,
			);
			name = Main.storyboard;
			sourceTree = "<group>";
		};
		43A7A1F22B8EF4C200C57DC8 /* LaunchScreen.storyboard */ = {
			isa = PBXVariantGroup;
			children = (
				43A7A1F32B8EF4C200C57DC8 /* Base */,
			);
			name = LaunchScreen.storyboard;
			sourceTree = "<group>";
		};
/* End PBXVariantGroup section */

/* Begin XCBuildConfiguration section */
		43A7A1F62B8EF4C200C57DC8 /* Debug */ = {
			isa = XCBuildConfiguration;
			buildSettings = {
				ALWAYS_SEARCH_USER_PATHS = NO;
				ASSETCATALOG_COMPILER_GENERATE_SWIFT_ASSET_SYMBOL_EXTENSIONS = YES;
				CLANG_ANALYZER_NONNULL = YES;
				CLANG_ANALYZER_NUMBER_OBJECT_CONVERSION = YES_AGGRESSIVE;
				CLANG_CXX_LANGUAGE_STANDARD = "gnu++20";
				CLANG_ENABLE_MODULES = YES;
				CLANG_ENABLE_OBJC_ARC = YES;
				CLANG_ENABLE_OBJC_WEAK = YES;
				CLANG_WARN_BLOCK_CAPTURE_AUTORELEASING = YES;
				CLANG_WARN_BOOL_CONVERSION = YES;
				CLANG_WARN_COMMA = YES;
				CLANG_WARN_CONSTANT_CONVERSION = YES;
				CLANG_WARN_DEPRECATED_OBJC_IMPLEMENTATIONS = YES;
				CLANG_WARN_DIRECT_OBJC_ISA_USAGE = YES_ERROR;
				CLANG_WARN_DOCUMENTATION_COMMENTS = YES;
				CLANG_WARN_EMPTY_BODY = YES;
				CLANG_WARN_ENUM_CONVERSION = YES;
				CLANG_WARN_INFINITE_RECURSION = YES;
				CLANG_WARN_INT_CONVERSION = YES;
				CLANG_WARN_NON_LITERAL_NULL_CONVERSION = YES;
				CLANG_WARN_OBJC_IMPLICIT_RETAIN_SELF = YES;
				CLANG_WARN_OBJC_LITERAL_CONVERSION = YES;
				CLANG_WARN_OBJC_ROOT_CLASS = YES_ERROR;
				CLANG_WARN_QUOTED_INCLUDE_IN_FRAMEWORK_HEADER = YES;
				CLANG_WARN_RANGE_LOOP_ANALYSIS = YES;
				CLANG_WARN_STRICT_PROTOTYPES = YES;
				CLANG_WARN_SUSPICIOUS_MOVE = YES;
				CLANG_WARN_UNGUARDED_AVAILABILITY = YES_AGGRESSIVE;
				CLANG_WARN_UNREACHABLE_CODE = YES;
				CLANG_WARN__DUPLICATE_METHOD_MATCH = YES;
				COPY_PHASE_STRIP = NO;
				DEBUG_INFORMATION_FORMAT = dwarf;
				ENABLE_STRICT_OBJC_MSGSEND = YES;
				ENABLE_TESTABILITY = YES;
				ENABLE_USER_SCRIPT_SANDBOXING = YES;
				GCC_C_LANGUAGE_STANDARD = gnu17;
				GCC_DYNAMIC_NO_PIC = NO;
				GCC_NO_COMMON_BLOCKS = YES;
				GCC_OPTIMIZATION_LEVEL = 0;
				GCC_PREPROCESSOR_DEFINITIONS = (
					"DEBUG=1",
					"$(inherited)",
				);
				GCC_WARN_64_TO_32_BIT_CONVERSION = YES;
				GCC_WARN_ABOUT_RETURN_TYPE = YES_ERROR;
				GCC_WARN_UNDECLARED_SELECTOR = YES;
				GCC_WARN_UNINITIALIZED_AUTOS = YES_AGGRESSIVE;
				GCC_WARN_UNUSED_FUNCTION = YES;
				GCC_WARN_UNUSED_VARIABLE = YES;
				IPHONEOS_DEPLOYMENT_TARGET = 17.2;
				LOCALIZATION_PREFERS_STRING_CATALOGS = YES;
				MTL_ENABLE_DEBUG_INFO = INCLUDE_SOURCE;
				MTL_FAST_MATH = YES;
				ONLY_ACTIVE_ARCH = YES;
				SDKROOT = iphoneos;
				SWIFT_ACTIVE_COMPILATION_CONDITIONS = "DEBUG $(inherited)";
				SWIFT_OPTIMIZATION_LEVEL = "-Onone";
			};
			name = Debug;
		};
		43A7A1F72B8EF4C200C57DC8 /* Release */ = {
			isa = XCBuildConfiguration;
			buildSettings = {
				ALWAYS_SEARCH_USER_PATHS = NO;
				ASSETCATALOG_COMPILER_GENERATE_SWIFT_ASSET_SYMBOL_EXTENSIONS = YES;
				CLANG_ANALYZER_NONNULL = YES;
				CLANG_ANALYZER_NUMBER_OBJECT_CONVERSION = YES_AGGRESSIVE;
				CLANG_CXX_LANGUAGE_STANDARD = "gnu++20";
				CLANG_ENABLE_MODULES = YES;
				CLANG_ENABLE_OBJC_ARC = YES;
				CLANG_ENABLE_OBJC_WEAK = YES;
				CLANG_WARN_BLOCK_CAPTURE_AUTORELEASING = YES;
				CLANG_WARN_BOOL_CONVERSION = YES;
				CLANG_WARN_COMMA = YES;
				CLANG_WARN_CONSTANT_CONVERSION = YES;
				CLANG_WARN_DEPRECATED_OBJC_IMPLEMENTATIONS = YES;
				CLANG_WARN_DIRECT_OBJC_ISA_USAGE = YES_ERROR;
				CLANG_WARN_DOCUMENTATION_COMMENTS = YES;
				CLANG_WARN_EMPTY_BODY = YES;
				CLANG_WARN_ENUM_CONVERSION = YES;
				CLANG_WARN_INFINITE_RECURSION = YES;
				CLANG_WARN_INT_CONVERSION = YES;
				CLANG_WARN_NON_LITERAL_NULL_CONVERSION = YES;
				CLANG_WARN_OBJC_IMPLICIT_RETAIN_SELF = YES;
				CLANG_WARN_OBJC_LITERAL_CONVERSION = YES;
				CLANG_WARN_OBJC_ROOT_CLASS = YES_ERROR;
				CLANG_WARN_QUOTED_INCLUDE_IN_FRAMEWORK_HEADER = YES;
				CLANG_WARN_RANGE_LOOP_ANALYSIS = YES;
				CLANG_WARN_STRICT_PROTOTYPES = YES;
				CLANG_WARN_SUSPICIOUS_MOVE = YES;
				CLANG_WARN_UNGUARDED_AVAILABILITY = YES_AGGRESSIVE;
				CLANG_WARN_UNREACHABLE_CODE = YES;
				CLANG_WARN__DUPLICATE_METHOD_MATCH = YES;
				COPY_PHASE_STRIP = NO;
				DEBUG_INFORMATION_FORMAT = "dwarf-with-dsym";
				ENABLE_NS_ASSERTIONS = NO;
				ENABLE_STRICT_OBJC_MSGSEND = YES;
				ENABLE_USER_SCRIPT_SANDBOXING = YES;
				GCC_C_LANGUAGE_STANDARD = gnu17;
				GCC_NO_COMMON_BLOCKS = YES;
				GCC_WARN_64_TO_32_BIT_CONVERSION = YES;
				GCC_WARN_ABOUT_RETURN_TYPE = YES_ERROR;
				GCC_WARN_UNDECLARED_SELECTOR = YES;
				GCC_WARN_UNINITIALIZED_AUTOS = YES_AGGRESSIVE;
				GCC_WARN_UNUSED_FUNCTION = YES;
				GCC_WARN_UNUSED_VARIABLE = YES;
				IPHONEOS_DEPLOYMENT_TARGET = 17.2;
				LOCALIZATION_PREFERS_STRING_CATALOGS = YES;
				MTL_ENABLE_DEBUG_INFO = NO;
				MTL_FAST_MATH = YES;
				SDKROOT = iphoneos;
				SWIFT_COMPILATION_MODE = wholemodule;
				VALIDATE_PRODUCT = YES;
			};
			name = Release;
		};
		43A7A1F92B8EF4C200C57DC8 /* Debug */ = {
			isa = XCBuildConfiguration;
			buildSettings = {
				ASSETCATALOG_COMPILER_APPICON_NAME = AppIcon;
				ASSETCATALOG_COMPILER_GLOBAL_ACCENT_COLOR_NAME = AccentColor;
				CODE_SIGN_STYLE = Automatic;
				CURRENT_PROJECT_VERSION = 1;
				GENERATE_INFOPLIST_FILE = YES;
				INFOPLIST_FILE = Contacts/Info.plist;
				INFOPLIST_KEY_UIApplicationSupportsIndirectInputEvents = YES;
				INFOPLIST_KEY_UILaunchStoryboardName = LaunchScreen;
				INFOPLIST_KEY_UIMainStoryboardFile = Main;
				INFOPLIST_KEY_UISupportedInterfaceOrientations_iPad = "UIInterfaceOrientationPortrait UIInterfaceOrientationPortraitUpsideDown UIInterfaceOrientationLandscapeLeft UIInterfaceOrientationLandscapeRight";
				INFOPLIST_KEY_UISupportedInterfaceOrientations_iPhone = "UIInterfaceOrientationPortrait UIInterfaceOrientationLandscapeLeft UIInterfaceOrientationLandscapeRight";
				LD_RUNPATH_SEARCH_PATHS = (
					"$(inherited)",
					"@executable_path/Frameworks",
				);
				MARKETING_VERSION = 1.0;
				PRODUCT_BUNDLE_IDENTIFIER = iad.best.Contacts;
				PRODUCT_NAME = "$(TARGET_NAME)";
				SWIFT_EMIT_LOC_STRINGS = YES;
				SWIFT_VERSION = 5.0;
				TARGETED_DEVICE_FAMILY = "1,2";
			};
			name = Debug;
		};
		43A7A1FA2B8EF4C200C57DC8 /* Release */ = {
			isa = XCBuildConfiguration;
			buildSettings = {
				ASSETCATALOG_COMPILER_APPICON_NAME = AppIcon;
				ASSETCATALOG_COMPILER_GLOBAL_ACCENT_COLOR_NAME = AccentColor;
				CODE_SIGN_STYLE = Automatic;
				CURRENT_PROJECT_VERSION = 1;
				GENERATE_INFOPLIST_FILE = YES;
				INFOPLIST_FILE = Contacts/Info.plist;
				INFOPLIST_KEY_UIApplicationSupportsIndirectInputEvents = YES;
				INFOPLIST_KEY_UILaunchStoryboardName = LaunchScreen;
				INFOPLIST_KEY_UIMainStoryboardFile = Main;
				INFOPLIST_KEY_UISupportedInterfaceOrientations_iPad = "UIInterfaceOrientationPortrait UIInterfaceOrientationPortraitUpsideDown UIInterfaceOrientationLandscapeLeft UIInterfaceOrientationLandscapeRight";
				INFOPLIST_KEY_UISupportedInterfaceOrientations_iPhone = "UIInterfaceOrientationPortrait UIInterfaceOrientationLandscapeLeft UIInterfaceOrientationLandscapeRight";
				LD_RUNPATH_SEARCH_PATHS = (
					"$(inherited)",
					"@executable_path/Frameworks",
				);
				MARKETING_VERSION = 1.0;
				PRODUCT_BUNDLE_IDENTIFIER = iad.best.Contacts;
				PRODUCT_NAME = "$(TARGET_NAME)";
				SWIFT_EMIT_LOC_STRINGS = YES;
				SWIFT_VERSION = 5.0;
				TARGETED_DEVICE_FAMILY = "1,2";
			};
			name = Release;
		};
/* End XCBuildConfiguration section */

/* Begin XCConfigurationList section */
		43A7A1DF2B8EF4B900C57DC8 /* Build configuration list for PBXProject "Contacts" */ = {
			isa = XCConfigurationList;
			buildConfigurations = (
				43A7A1F62B8EF4C200C57DC8 /* Debug */,
				43A7A1F72B8EF4C200C57DC8 /* Release */,
			);
			defaultConfigurationIsVisible = 0;
			defaultConfigurationName = Release;
		};
		43A7A1F82B8EF4C200C57DC8 /* Build configuration list for PBXNativeTarget "Contacts" */ = {
			isa = XCConfigurationList;
			buildConfigurations = (
				43A7A1F92B8EF4C200C57DC8 /* Debug */,
				43A7A1FA2B8EF4C200C57DC8 /* Release */,
			);
			defaultConfigurationIsVisible = 0;
			defaultConfigurationName = Release;
		};
/* End XCConfigurationList section */
	};
	rootObject = 43A7A1DC2B8EF4B900C57DC8 /* Project object */;
}
