// !$*UTF8*$!
{
	archiveVersion = 1;
	classes = {
	};
	objectVersion = 56;
	objects = {

/* Begin PBXBuildFile section */
		2A757F811700175BC3F73C3B /* Pods_eShop.framework in Frameworks */ = {isa = PBXBuildFile; fileRef = BB9117544C9427FAAE6C1F2A /* Pods_eShop.framework */; };
		432794832B6E0879005BE2BD /* AppDelegate.m in Sources */ = {isa = PBXBuildFile; fileRef = 432794822B6E0879005BE2BD /* AppDelegate.m */; };
		432794862B6E0879005BE2BD /* SceneDelegate.m in Sources */ = {isa = PBXBuildFile; fileRef = 432794852B6E0879005BE2BD /* SceneDelegate.m */; };
		432794892B6E0879005BE2BD /* ViewController.m in Sources */ = {isa = PBXBuildFile; fileRef = 432794882B6E0879005BE2BD /* ViewController.m */; };
		4327948C2B6E0879005BE2BD /* Main.storyboard in Resources */ = {isa = PBXBuildFile; fileRef = 4327948A2B6E0879005BE2BD /* Main.storyboard */; };
		4327948E2B6E087A005BE2BD /* Assets.xcassets in Resources */ = {isa = PBXBuildFile; fileRef = 4327948D2B6E087A005BE2BD /* Assets.xcassets */; };
		432794912B6E087A005BE2BD /* LaunchScreen.storyboard in Resources */ = {isa = PBXBuildFile; fileRef = 4327948F2B6E087A005BE2BD /* LaunchScreen.storyboard */; };
		432794942B6E087A005BE2BD /* main.m in Sources */ = {isa = PBXBuildFile; fileRef = 432794932B6E087A005BE2BD /* main.m */; };
		43949E2B2B7082D400DD47E6 /* Resource in Resources */ = {isa = PBXBuildFile; fileRef = 43949E2A2B7082D400DD47E6 /* Resource */; };
/* End PBXBuildFile section */

/* Begin PBXFileReference section */
		193D3C8DBB8D88813A625E86 /* Pods-eShop.debug.xcconfig */ = {isa = PBXFileReference; includeInIndex = 1; lastKnownFileType = text.xcconfig; name = "Pods-eShop.debug.xcconfig"; path = "Target Support Files/Pods-eShop/Pods-eShop.debug.xcconfig"; sourceTree = "<group>"; };
		4327947E2B6E0879005BE2BD /* eShop.app */ = {isa = PBXFileReference; explicitFileType = wrapper.application; includeInIndex = 0; path = eShop.app; sourceTree = BUILT_PRODUCTS_DIR; };
		432794812B6E0879005BE2BD /* AppDelegate.h */ = {isa = PBXFileReference; lastKnownFileType = sourcecode.c.h; path = AppDelegate.h; sourceTree = "<group>"; };
		432794822B6E0879005BE2BD /* AppDelegate.m */ = {isa = PBXFileReference; lastKnownFileType = sourcecode.c.objc; path = AppDelegate.m; sourceTree = "<group>"; };
		432794842B6E0879005BE2BD /* SceneDelegate.h */ = {isa = PBXFileReference; lastKnownFileType = sourcecode.c.h; path = SceneDelegate.h; sourceTree = "<group>"; };
		432794852B6E0879005BE2BD /* SceneDelegate.m */ = {isa = PBXFileReference; lastKnownFileType = sourcecode.c.objc; path = SceneDelegate.m; sourceTree = "<group>"; };
		432794872B6E0879005BE2BD /* ViewController.h */ = {isa = PBXFileReference; lastKnownFileType = sourcecode.c.h; path = ViewController.h; sourceTree = "<group>"; };
		432794882B6E0879005BE2BD /* ViewController.m */ = {isa = PBXFileReference; lastKnownFileType = sourcecode.c.objc; path = ViewController.m; sourceTree = "<group>"; };
		4327948B2B6E0879005BE2BD /* Base */ = {isa = PBXFileReference; lastKnownFileType = file.storyboard; name = Base; path = Base.lproj/Main.storyboard; sourceTree = "<group>"; };
		4327948D2B6E087A005BE2BD /* Assets.xcassets */ = {isa = PBXFileReference; lastKnownFileType = folder.assetcatalog; path = Assets.xcassets; sourceTree = "<group>"; };
		432794902B6E087A005BE2BD /* Base */ = {isa = PBXFileReference; lastKnownFileType = file.storyboard; name = Base; path = Base.lproj/LaunchScreen.storyboard; sourceTree = "<group>"; };
		432794922B6E087A005BE2BD /* Info.plist */ = {isa = PBXFileReference; lastKnownFileType = text.plist.xml; path = Info.plist; sourceTree = "<group>"; };
		432794932B6E087A005BE2BD /* main.m */ = {isa = PBXFileReference; lastKnownFileType = sourcecode.c.objc; path = main.m; sourceTree = "<group>"; };
		4327949A2B6E0955005BE2BD /* PrefixHeader.pch */ = {isa = PBXFileReference; lastKnownFileType = sourcecode.c.h; path = PrefixHeader.pch; sourceTree = "<group>"; };
		43949E2A2B7082D400DD47E6 /* Resource */ = {isa = PBXFileReference; lastKnownFileType = folder; path = Resource; sourceTree = "<group>"; };
		BB9117544C9427FAAE6C1F2A /* Pods_eShop.framework */ = {isa = PBXFileReference; explicitFileType = wrapper.framework; includeInIndex = 0; path = Pods_eShop.framework; sourceTree = BUILT_PRODUCTS_DIR; };
		C5AF270462CF651283E727D6 /* Pods-eShop.release.xcconfig */ = {isa = PBXFileReference; includeInIndex = 1; lastKnownFileType = text.xcconfig; name = "Pods-eShop.release.xcconfig"; path = "Target Support Files/Pods-eShop/Pods-eShop.release.xcconfig"; sourceTree = "<group>"; };
/* End PBXFileReference section */

/* Begin PBXFrameworksBuildPhase section */
		4327947B2B6E0879005BE2BD /* Frameworks */ = {
			isa = PBXFrameworksBuildPhase;
			buildActionMask = 2147483647;
			files = (
				2A757F811700175BC3F73C3B /* Pods_eShop.framework in Frameworks */,
			);
			runOnlyForDeploymentPostprocessing = 0;
		};
/* End PBXFrameworksBuildPhase section */

/* Begin PBXGroup section */
		432794752B6E0879005BE2BD = {
			isa = PBXGroup;
			children = (
				432794802B6E0879005BE2BD /* eShop */,
				4327947F2B6E0879005BE2BD /* Products */,
				4BEE5FF18478B5D63C313802 /* Pods */,
				80808F87C1D800449BCF0716 /* Frameworks */,
			);
			sourceTree = "<group>";
		};
		4327947F2B6E0879005BE2BD /* Products */ = {
			isa = PBXGroup;
			children = (
				4327947E2B6E0879005BE2BD /* eShop.app */,
			);
			name = Products;
			sourceTree = "<group>";
		};
		432794802B6E0879005BE2BD /* eShop */ = {
			isa = PBXGroup;
			children = (
				43949E2A2B7082D400DD47E6 /* Resource */,
				432794812B6E0879005BE2BD /* AppDelegate.h */,
				432794822B6E0879005BE2BD /* AppDelegate.m */,
				432794842B6E0879005BE2BD /* SceneDelegate.h */,
				432794852B6E0879005BE2BD /* SceneDelegate.m */,
				432794872B6E0879005BE2BD /* ViewController.h */,
				432794882B6E0879005BE2BD /* ViewController.m */,
				4327948A2B6E0879005BE2BD /* Main.storyboard */,
				4327948D2B6E087A005BE2BD /* Assets.xcassets */,
				4327948F2B6E087A005BE2BD /* LaunchScreen.storyboard */,
				432794922B6E087A005BE2BD /* Info.plist */,
				432794932B6E087A005BE2BD /* main.m */,
				4327949A2B6E0955005BE2BD /* PrefixHeader.pch */,
			);
			path = eShop;
			sourceTree = "<group>";
		};
		4BEE5FF18478B5D63C313802 /* Pods */ = {
			isa = PBXGroup;
			children = (
				193D3C8DBB8D88813A625E86 /* Pods-eShop.debug.xcconfig */,
				C5AF270462CF651283E727D6 /* Pods-eShop.release.xcconfig */,
			);
			name = Pods;
			path = Pods;
			sourceTree = "<group>";
		};
		80808F87C1D800449BCF0716 /* Frameworks */ = {
			isa = PBXGroup;
			children = (
				BB9117544C9427FAAE6C1F2A /* Pods_eShop.framework */,
			);
			name = Frameworks;
			sourceTree = "<group>";
		};
/* End PBXGroup section */

/* Begin PBXNativeTarget section */
		4327947D2B6E0879005BE2BD /* eShop */ = {
			isa = PBXNativeTarget;
			buildConfigurationList = 432794972B6E087A005BE2BD /* Build configuration list for PBXNativeTarget "eShop" */;
			buildPhases = (
				B17AE4646672BF7BD53F7B5B /* [CP] Check Pods Manifest.lock */,
				4327947A2B6E0879005BE2BD /* Sources */,
				4327947B2B6E0879005BE2BD /* Frameworks */,
				4327947C2B6E0879005BE2BD /* Resources */,
			);
			buildRules = (
			);
			dependencies = (
			);
			name = eShop;
			productName = eShop;
			productReference = 4327947E2B6E0879005BE2BD /* eShop.app */;
			productType = "com.apple.product-type.application";
		};
/* End PBXNativeTarget section */

/* Begin PBXProject section */
		432794762B6E0879005BE2BD /* Project object */ = {
			isa = PBXProject;
			attributes = {
				BuildIndependentTargetsInParallel = 1;
				LastUpgradeCheck = 1520;
				TargetAttributes = {
					4327947D2B6E0879005BE2BD = {
						CreatedOnToolsVersion = 15.2;
					};
				};
			};
			buildConfigurationList = 432794792B6E0879005BE2BD /* Build configuration list for PBXProject "eShop" */;
			compatibilityVersion = "Xcode 14.0";
			developmentRegion = en;
			hasScannedForEncodings = 0;
			knownRegions = (
				en,
				Base,
			);
			mainGroup = 432794752B6E0879005BE2BD;
			productRefGroup = 4327947F2B6E0879005BE2BD /* Products */;
			projectDirPath = "";
			projectRoot = "";
			targets = (
				4327947D2B6E0879005BE2BD /* eShop */,
			);
		};
/* End PBXProject section */

/* Begin PBXResourcesBuildPhase section */
		4327947C2B6E0879005BE2BD /* Resources */ = {
			isa = PBXResourcesBuildPhase;
			buildActionMask = 2147483647;
			files = (
				43949E2B2B7082D400DD47E6 /* Resource in Resources */,
				432794912B6E087A005BE2BD /* LaunchScreen.storyboard in Resources */,
				4327948E2B6E087A005BE2BD /* Assets.xcassets in Resources */,
				4327948C2B6E0879005BE2BD /* Main.storyboard in Resources */,
			);
			runOnlyForDeploymentPostprocessing = 0;
		};
/* End PBXResourcesBuildPhase section */

/* Begin PBXShellScriptBuildPhase section */
		B17AE4646672BF7BD53F7B5B /* [CP] Check Pods Manifest.lock */ = {
			isa = PBXShellScriptBuildPhase;
			buildActionMask = 2147483647;
			files = (
			);
			inputFileListPaths = (
			);
			inputPaths = (
				"${PODS_PODFILE_DIR_PATH}/Podfile.lock",
				"${PODS_ROOT}/Manifest.lock",
			);
			name = "[CP] Check Pods Manifest.lock";
			outputFileListPaths = (
			);
			outputPaths = (
				"$(DERIVED_FILE_DIR)/Pods-eShop-checkManifestLockResult.txt",
			);
			runOnlyForDeploymentPostprocessing = 0;
			shellPath = /bin/sh;
			shellScript = "diff \"${PODS_PODFILE_DIR_PATH}/Podfile.lock\" \"${PODS_ROOT}/Manifest.lock\" > /dev/null\nif [ $? != 0 ] ; then\n    # print error to STDERR\n    echo \"error: The sandbox is not in sync with the Podfile.lock. Run 'pod install' or update your CocoaPods installation.\" >&2\n    exit 1\nfi\n# This output is used by Xcode 'outputs' to avoid re-running this script phase.\necho \"SUCCESS\" > \"${SCRIPT_OUTPUT_FILE_0}\"\n";
			showEnvVarsInLog = 0;
		};
/* End PBXShellScriptBuildPhase section */

/* Begin PBXSourcesBuildPhase section */
		4327947A2B6E0879005BE2BD /* Sources */ = {
			isa = PBXSourcesBuildPhase;
			buildActionMask = 2147483647;
			files = (
				432794892B6E0879005BE2BD /* ViewController.m in Sources */,
				432794832B6E0879005BE2BD /* AppDelegate.m in Sources */,
				432794942B6E087A005BE2BD /* main.m in Sources */,
				432794862B6E0879005BE2BD /* SceneDelegate.m in Sources */,
			);
			runOnlyForDeploymentPostprocessing = 0;
		};
/* End PBXSourcesBuildPhase section */

/* Begin PBXVariantGroup section */
		4327948A2B6E0879005BE2BD /* Main.storyboard */ = {
			isa = PBXVariantGroup;
			children = (
				4327948B2B6E0879005BE2BD /* Base */,
			);
			name = Main.storyboard;
			sourceTree = "<group>";
		};
		4327948F2B6E087A005BE2BD /* LaunchScreen.storyboard */ = {
			isa = PBXVariantGroup;
			children = (
				432794902B6E087A005BE2BD /* Base */,
			);
			name = LaunchScreen.storyboard;
			sourceTree = "<group>";
		};
/* End PBXVariantGroup section */

/* Begin XCBuildConfiguration section */
		432794952B6E087A005BE2BD /* Debug */ = {
			isa = XCBuildConfiguration;
			buildSettings = {
				ALWAYS_SEARCH_USER_PATHS = NO;
				ASSETCATALOG_COMPILER_GENERATE_SWIFT_ASSET_SYMBOL_EXTENSIONS = YES;
				CLANG_ANALYZER_NONNULL = YES;
				CLANG_ANALYZER_NUMBER_OBJECT_CONVERSION = YES_AGGRESSIVE;
				CLANG_CXX_LANGUAGE_STANDARD = "gnu++20";
				CLANG_ENABLE_MODULES = YES;
				CLANG_ENABLE_OBJC_ARC = YES;
				CLANG_ENABLE_OBJC_WEAK = YES;
				CLANG_WARN_BLOCK_CAPTURE_AUTORELEASING = YES;
				CLANG_WARN_BOOL_CONVERSION = YES;
				CLANG_WARN_COMMA = YES;
				CLANG_WARN_CONSTANT_CONVERSION = YES;
				CLANG_WARN_DEPRECATED_OBJC_IMPLEMENTATIONS = YES;
				CLANG_WARN_DIRECT_OBJC_ISA_USAGE = YES_ERROR;
				CLANG_WARN_DOCUMENTATION_COMMENTS = YES;
				CLANG_WARN_EMPTY_BODY = YES;
				CLANG_WARN_ENUM_CONVERSION = YES;
				CLANG_WARN_INFINITE_RECURSION = YES;
				CLANG_WARN_INT_CONVERSION = YES;
				CLANG_WARN_NON_LITERAL_NULL_CONVERSION = YES;
				CLANG_WARN_OBJC_IMPLICIT_RETAIN_SELF = YES;
				CLANG_WARN_OBJC_LITERAL_CONVERSION = YES;
				CLANG_WARN_OBJC_ROOT_CLASS = YES_ERROR;
				CLANG_WARN_QUOTED_INCLUDE_IN_FRAMEWORK_HEADER = YES;
				CLANG_WARN_RANGE_LOOP_ANALYSIS = YES;
				CLANG_WARN_STRICT_PROTOTYPES = YES;
				CLANG_WARN_SUSPICIOUS_MOVE = YES;
				CLANG_WARN_UNGUARDED_AVAILABILITY = YES_AGGRESSIVE;
				CLANG_WARN_UNREACHABLE_CODE = YES;
				CLANG_WARN__DUPLICATE_METHOD_MATCH = YES;
				COPY_PHASE_STRIP = NO;
				DEBUG_INFORMATION_FORMAT = dwarf;
				ENABLE_STRICT_OBJC_MSGSEND = YES;
				ENABLE_TESTABILITY = YES;
				ENABLE_USER_SCRIPT_SANDBOXING = YES;
				GCC_C_LANGUAGE_STANDARD = gnu17;
				GCC_DYNAMIC_NO_PIC = NO;
				GCC_NO_COMMON_BLOCKS = YES;
				GCC_OPTIMIZATION_LEVEL = 0;
				GCC_PREPROCESSOR_DEFINITIONS = (
					"DEBUG=1",
					"$(inherited)",
				);
				GCC_WARN_64_TO_32_BIT_CONVERSION = YES;
				GCC_WARN_ABOUT_RETURN_TYPE = YES_ERROR;
				GCC_WARN_UNDECLARED_SELECTOR = YES;
				GCC_WARN_UNINITIALIZED_AUTOS = YES_AGGRESSIVE;
				GCC_WARN_UNUSED_FUNCTION = YES;
				GCC_WARN_UNUSED_VARIABLE = YES;
				IPHONEOS_DEPLOYMENT_TARGET = 17.2;
				LOCALIZATION_PREFERS_STRING_CATALOGS = YES;
				MTL_ENABLE_DEBUG_INFO = INCLUDE_SOURCE;
				MTL_FAST_MATH = YES;
				ONLY_ACTIVE_ARCH = YES;
				SDKROOT = iphoneos;
			};
			name = Debug;
		};
		432794962B6E087A005BE2BD /* Release */ = {
			isa = XCBuildConfiguration;
			buildSettings = {
				ALWAYS_SEARCH_USER_PATHS = NO;
				ASSETCATALOG_COMPILER_GENERATE_SWIFT_ASSET_SYMBOL_EXTENSIONS = YES;
				CLANG_ANALYZER_NONNULL = YES;
				CLANG_ANALYZER_NUMBER_OBJECT_CONVERSION = YES_AGGRESSIVE;
				CLANG_CXX_LANGUAGE_STANDARD = "gnu++20";
				CLANG_ENABLE_MODULES = YES;
				CLANG_ENABLE_OBJC_ARC = YES;
				CLANG_ENABLE_OBJC_WEAK = YES;
				CLANG_WARN_BLOCK_CAPTURE_AUTORELEASING = YES;
				CLANG_WARN_BOOL_CONVERSION = YES;
				CLANG_WARN_COMMA = YES;
				CLANG_WARN_CONSTANT_CONVERSION = YES;
				CLANG_WARN_DEPRECATED_OBJC_IMPLEMENTATIONS = YES;
				CLANG_WARN_DIRECT_OBJC_ISA_USAGE = YES_ERROR;
				CLANG_WARN_DOCUMENTATION_COMMENTS = YES;
				CLANG_WARN_EMPTY_BODY = YES;
				CLANG_WARN_ENUM_CONVERSION = YES;
				CLANG_WARN_INFINITE_RECURSION = YES;
				CLANG_WARN_INT_CONVERSION = YES;
				CLANG_WARN_NON_LITERAL_NULL_CONVERSION = YES;
				CLANG_WARN_OBJC_IMPLICIT_RETAIN_SELF = YES;
				CLANG_WARN_OBJC_LITERAL_CONVERSION = YES;
				CLANG_WARN_OBJC_ROOT_CLASS = YES_ERROR;
				CLANG_WARN_QUOTED_INCLUDE_IN_FRAMEWORK_HEADER = YES;
				CLANG_WARN_RANGE_LOOP_ANALYSIS = YES;
				CLANG_WARN_STRICT_PROTOTYPES = YES;
				CLANG_WARN_SUSPICIOUS_MOVE = YES;
				CLANG_WARN_UNGUARDED_AVAILABILITY = YES_AGGRESSIVE;
				CLANG_WARN_UNREACHABLE_CODE = YES;
				CLANG_WARN__DUPLICATE_METHOD_MATCH = YES;
				COPY_PHASE_STRIP = NO;
				DEBUG_INFORMATION_FORMAT = "dwarf-with-dsym";
				ENABLE_NS_ASSERTIONS = NO;
				ENABLE_STRICT_OBJC_MSGSEND = YES;
				ENABLE_USER_SCRIPT_SANDBOXING = YES;
				GCC_C_LANGUAGE_STANDARD = gnu17;
				GCC_NO_COMMON_BLOCKS = YES;
				GCC_WARN_64_TO_32_BIT_CONVERSION = YES;
				GCC_WARN_ABOUT_RETURN_TYPE = YES_ERROR;
				GCC_WARN_UNDECLARED_SELECTOR = YES;
				GCC_WARN_UNINITIALIZED_AUTOS = YES_AGGRESSIVE;
				GCC_WARN_UNUSED_FUNCTION = YES;
				GCC_WARN_UNUSED_VARIABLE = YES;
				IPHONEOS_DEPLOYMENT_TARGET = 17.2;
				LOCALIZATION_PREFERS_STRING_CATALOGS = YES;
				MTL_ENABLE_DEBUG_INFO = NO;
				MTL_FAST_MATH = YES;
				SDKROOT = iphoneos;
				VALIDATE_PRODUCT = YES;
			};
			name = Release;
		};
		432794982B6E087A005BE2BD /* Debug */ = {
			isa = XCBuildConfiguration;
			baseConfigurationReference = 193D3C8DBB8D88813A625E86 /* Pods-eShop.debug.xcconfig */;
			buildSettings = {
				ASSETCATALOG_COMPILER_APPICON_NAME = AppIcon;
				ASSETCATALOG_COMPILER_GLOBAL_ACCENT_COLOR_NAME = AccentColor;
				CODE_SIGN_STYLE = Automatic;
				CURRENT_PROJECT_VERSION = 1;
				GCC_PREFIX_HEADER = "$(SRCROOT)/$(PROJECT_NAME)/PrefixHeader.pch";
				GENERATE_INFOPLIST_FILE = YES;
				INFOPLIST_FILE = eShop/Info.plist;
				INFOPLIST_KEY_CFBundleDisplayName = eShop;
				INFOPLIST_KEY_UIApplicationSupportsIndirectInputEvents = YES;
				INFOPLIST_KEY_UILaunchStoryboardName = LaunchScreen;
				INFOPLIST_KEY_UIMainStoryboardFile = Main;
				INFOPLIST_KEY_UIStatusBarHidden = YES;
				INFOPLIST_KEY_UIStatusBarStyle = "";
				INFOPLIST_KEY_UISupportedInterfaceOrientations = "UIInterfaceOrientationLandscapeLeft UIInterfaceOrientationLandscapeRight UIInterfaceOrientationPortrait";
				INFOPLIST_KEY_UISupportedInterfaceOrientations_iPad = UIInterfaceOrientationPortrait;
				LD_RUNPATH_SEARCH_PATHS = (
					"$(inherited)",
					"@executable_path/Frameworks",
				);
				MARKETING_VERSION = 1.0;
				PRODUCT_BUNDLE_IDENTIFIER = iad.eShop;
				PRODUCT_NAME = "$(TARGET_NAME)";
				SWIFT_EMIT_LOC_STRINGS = YES;
				TARGETED_DEVICE_FAMILY = "1,2";
			};
			name = Debug;
		};
		432794992B6E087A005BE2BD /* Release */ = {
			isa = XCBuildConfiguration;
			baseConfigurationReference = C5AF270462CF651283E727D6 /* Pods-eShop.release.xcconfig */;
			buildSettings = {
				ASSETCATALOG_COMPILER_APPICON_NAME = AppIcon;
				ASSETCATALOG_COMPILER_GLOBAL_ACCENT_COLOR_NAME = AccentColor;
				CODE_SIGN_STYLE = Automatic;
				CURRENT_PROJECT_VERSION = 1;
				GCC_PREFIX_HEADER = "$(SRCROOT)/$(PROJECT_NAME)/PrefixHeader.pch";
				GENERATE_INFOPLIST_FILE = YES;
				INFOPLIST_FILE = eShop/Info.plist;
				INFOPLIST_KEY_CFBundleDisplayName = eShop;
				INFOPLIST_KEY_UIApplicationSupportsIndirectInputEvents = YES;
				INFOPLIST_KEY_UILaunchStoryboardName = LaunchScreen;
				INFOPLIST_KEY_UIMainStoryboardFile = Main;
				INFOPLIST_KEY_UIStatusBarHidden = YES;
				INFOPLIST_KEY_UIStatusBarStyle = "";
				INFOPLIST_KEY_UISupportedInterfaceOrientations = "UIInterfaceOrientationLandscapeLeft UIInterfaceOrientationLandscapeRight UIInterfaceOrientationPortrait";
				INFOPLIST_KEY_UISupportedInterfaceOrientations_iPad = UIInterfaceOrientationPortrait;
				LD_RUNPATH_SEARCH_PATHS = (
					"$(inherited)",
					"@executable_path/Frameworks",
				);
				MARKETING_VERSION = 1.0;
				PRODUCT_BUNDLE_IDENTIFIER = iad.eShop;
				PRODUCT_NAME = "$(TARGET_NAME)";
				SWIFT_EMIT_LOC_STRINGS = YES;
				TARGETED_DEVICE_FAMILY = "1,2";
			};
			name = Release;
		};
/* End XCBuildConfiguration section */

/* Begin XCConfigurationList section */
		432794792B6E0879005BE2BD /* Build configuration list for PBXProject "eShop" */ = {
			isa = XCConfigurationList;
			buildConfigurations = (
				432794952B6E087A005BE2BD /* Debug */,
				432794962B6E087A005BE2BD /* Release */,
			);
			defaultConfigurationIsVisible = 0;
			defaultConfigurationName = Release;
		};
		432794972B6E087A005BE2BD /* Build configuration list for PBXNativeTarget "eShop" */ = {
			isa = XCConfigurationList;
			buildConfigurations = (
				432794982B6E087A005BE2BD /* Debug */,
				432794992B6E087A005BE2BD /* Release */,
			);
			defaultConfigurationIsVisible = 0;
			defaultConfigurationName = Release;
		};
/* End XCConfigurationList section */
	};
	rootObject = 432794762B6E0879005BE2BD /* Project object */;
}
